
Microsoft Visual Studio Solution File, Format Version 12.00
# Visual Studio Version 17
VisualStudioVersion = 17.0.31903.59
MinimumVisualStudioVersion = 10.0.40219.1
Project("{FAE04EC0-301F-11D3-BF4B-00C04F79EFBC}") = "NSubstitute.VerifyAll", "NSubstitute.VerifyAll\NSubstitute.VerifyAll.csproj", "{F68D4734-00B6-4413-A452-C0BA93F58B81}"
EndProject
Project("{FAE04EC0-301F-11D3-BF4B-00C04F79EFBC}") = "NSubstitute.VerifyAll.Tests", "NSubstitute.VerifyAll.Tests\NSubstitute.VerifyAll.Tests.csproj", "{8339052B-9D7D-42BF-A618-D010BD2233E3}"
EndProject
Project("{2150E333-8FDC-42A3-9474-1A3956D46DE8}") = ".configuration", ".configuration", "{F9F9796D-CBDF-4729-833A-EA4555E48383}"
	ProjectSection(SolutionItems) = preProject
		..\package.json = ..\package.json
		..\README.md = ..\README.md
		..\.zarro-defaults = ..\.zarro-defaults
	EndProjectSection
EndProject
Global
	GlobalSection(SolutionConfigurationPlatforms) = preSolution
		Debug|Any CPU = Debug|Any CPU
		Release|Any CPU = Release|Any CPU
	EndGlobalSection
	GlobalSection(SolutionProperties) = preSolution
		HideSolutionNode = FALSE
	EndGlobalSection
	GlobalSection(ProjectConfigurationPlatforms) = postSolution
		{F68D4734-00B6-4413-A452-C0BA93F58B81}.Debug|Any CPU.ActiveCfg = Debug|Any CPU
		{F68D4734-00B6-4413-A452-C0BA93F58B81}.Debug|Any CPU.Build.0 = Debug|Any CPU
		{F68D4734-00B6-4413-A452-C0BA93F58B81}.Release|Any CPU.ActiveCfg = Release|Any CPU
		{F68D4734-00B6-4413-A452-C0BA93F58B81}.Release|Any CPU.Build.0 = Release|Any CPU
		{8339052B-9D7D-42BF-A618-D010BD2233E3}.Debug|Any CPU.ActiveCfg = Debug|Any CPU
		{8339052B-9D7D-42BF-A618-D010BD2233E3}.Debug|Any CPU.Build.0 = Debug|Any CPU
		{8339052B-9D7D-42BF-A618-D010BD2233E3}.Release|Any CPU.ActiveCfg = Release|Any CPU
		{8339052B-9D7D-42BF-A618-D010BD2233E3}.Release|Any CPU.Build.0 = Release|Any CPU
	EndGlobalSection
EndGlobal
